
Microsoft Visual Studio Solution File, Format Version 12.00
# Visual Studio Version 17
VisualStudioVersion = 17.7.34031.279
MinimumVisualStudioVersion = 10.0.40219.1
Project("{FAE04EC0-301F-11D3-BF4B-00C04F79EFBC}") = "PrimitiveDataType", "PrimitiveDataType.csproj", "{4CEF6420-8760-47C5-80E8-51BBAFBF6531}"
EndProject
Global
	GlobalSection(SolutionConfigurationPlatforms) = preSolution
		Debug|Any CPU = Debug|Any CPU
		Release|Any CPU = Release|Any CPU
	EndGlobalSection
	GlobalSection(ProjectConfigurationPlatforms) = postSolution
		{4CEF6420-8760-47C5-80E8-51BBAFBF6531}.Debug|Any CPU.ActiveCfg = Debug|Any CPU
		{4CEF6420-8760-47C5-80E8-51BBAFBF6531}.Debug|Any CPU.Build.0 = Debug|Any CPU
		{4CEF6420-8760-47C5-80E8-51BBAFBF6531}.Release|Any CPU.ActiveCfg = Release|Any CPU
		{4CEF6420-8760-47C5-80E8-51BBAFBF6531}.Release|Any CPU.Build.0 = Release|Any CPU
	EndGlobalSection
	GlobalSection(SolutionProperties) = preSolution
		HideSolutionNode = FALSE
	EndGlobalSection
	GlobalSection(ExtensibilityGlobals) = postSolution
		SolutionGuid = {F41FD845-572A-43C8-8BF2-B6EFF835D210}
	EndGlobalSection
EndGlobal
